
Microsoft Visual Studio Solution File, Format Version 12.00
# Visual Studio Version 17
VisualStudioVersion = 17.0.31903.59
MinimumVisualStudioVersion = 10.0.40219.1
Project("{2150E333-8FDC-42A3-9474-1A3956D46DE8}") = "src", "src", "{827E0CD3-B72D-47B6-A68D-7590B98EB39B}"
EndProject
Project("{FAE04EC0-301F-11D3-BF4B-00C04F79EFBC}") = "Checkers.Core", "src\Checkers.Core\Checkers.Core.csproj", "{48674F19-40FA-437B-BB7C-37518FCD6C5F}"
EndProject
Project("{FAE04EC0-301F-11D3-BF4B-00C04F79EFBC}") = "CheckersApi", "src\CheckersApi\CheckersApi.csproj", "{5A4B2E84-993A-4BE4-B425-E1F458E5FDAD}"
EndProject
Project("{FAE04EC0-301F-11D3-BF4B-00C04F79EFBC}") = "CheckersApi.EngineCli", "src\CheckersApi.EngineCli\CheckersApi.EngineCli.csproj", "{548B83C3-90AD-4B86-B8D0-A57DFF915A2C}"
EndProject
Project("{FAE04EC0-301F-11D3-BF4B-00C04F79EFBC}") = "CheckersApi.Tests", "tests\CheckersApi.Tests\CheckersApi.Tests.csproj", "{E329229E-926D-4FCA-9C13-0F8A9DD13E7E}"
EndProject
Global
	GlobalSection(SolutionConfigurationPlatforms) = preSolution
		Debug|Any CPU = Debug|Any CPU
		Debug|x64 = Debug|x64
		Debug|x86 = Debug|x86
		Release|Any CPU = Release|Any CPU
		Release|x64 = Release|x64
		Release|x86 = Release|x86
	EndGlobalSection
	GlobalSection(ProjectConfigurationPlatforms) = postSolution
		{48674F19-40FA-437B-BB7C-37518FCD6C5F}.Debug|Any CPU.ActiveCfg = Debug|Any CPU
		{48674F19-40FA-437B-BB7C-37518FCD6C5F}.Debug|Any CPU.Build.0 = Debug|Any CPU
		{48674F19-40FA-437B-BB7C-37518FCD6C5F}.Debug|x64.ActiveCfg = Debug|Any CPU
		{48674F19-40FA-437B-BB7C-37518FCD6C5F}.Debug|x64.Build.0 = Debug|Any CPU
		{48674F19-40FA-437B-BB7C-37518FCD6C5F}.Debug|x86.ActiveCfg = Debug|Any CPU
		{48674F19-40FA-437B-BB7C-37518FCD6C5F}.Debug|x86.Build.0 = Debug|Any CPU
		{48674F19-40FA-437B-BB7C-37518FCD6C5F}.Release|Any CPU.ActiveCfg = Release|Any CPU
		{48674F19-40FA-437B-BB7C-37518FCD6C5F}.Release|Any CPU.Build.0 = Release|Any CPU
		{48674F19-40FA-437B-BB7C-37518FCD6C5F}.Release|x64.ActiveCfg = Release|Any CPU
		{48674F19-40FA-437B-BB7C-37518FCD6C5F}.Release|x64.Build.0 = Release|Any CPU
		{48674F19-40FA-437B-BB7C-37518FCD6C5F}.Release|x86.ActiveCfg = Release|Any CPU
		{48674F19-40FA-437B-BB7C-37518FCD6C5F}.Release|x86.Build.0 = Release|Any CPU
		{5A4B2E84-993A-4BE4-B425-E1F458E5FDAD}.Debug|Any CPU.ActiveCfg = Debug|Any CPU
		{5A4B2E84-993A-4BE4-B425-E1F458E5FDAD}.Debug|Any CPU.Build.0 = Debug|Any CPU
		{5A4B2E84-993A-4BE4-B425-E1F458E5FDAD}.Debug|x64.ActiveCfg = Debug|Any CPU
		{5A4B2E84-993A-4BE4-B425-E1F458E5FDAD}.Debug|x64.Build.0 = Debug|Any CPU
		{5A4B2E84-993A-4BE4-B425-E1F458E5FDAD}.Debug|x86.ActiveCfg = Debug|Any CPU
		{5A4B2E84-993A-4BE4-B425-E1F458E5FDAD}.Debug|x86.Build.0 = Debug|Any CPU
		{5A4B2E84-993A-4BE4-B425-E1F458E5FDAD}.Release|Any CPU.ActiveCfg = Release|Any CPU
		{5A4B2E84-993A-4BE4-B425-E1F458E5FDAD}.Release|Any CPU.Build.0 = Release|Any CPU
		{5A4B2E84-993A-4BE4-B425-E1F458E5FDAD}.Release|x64.ActiveCfg = Release|Any CPU
		{5A4B2E84-993A-4BE4-B425-E1F458E5FDAD}.Release|x64.Build.0 = Release|Any CPU
		{5A4B2E84-993A-4BE4-B425-E1F458E5FDAD}.Release|x86.ActiveCfg = Release|Any CPU
		{5A4B2E84-993A-4BE4-B425-E1F458E5FDAD}.Release|x86.Build.0 = Release|Any CPU
		{548B83C3-90AD-4B86-B8D0-A57DFF915A2C}.Debug|Any CPU.ActiveCfg = Debug|Any CPU
		{548B83C3-90AD-4B86-B8D0-A57DFF915A2C}.Debug|Any CPU.Build.0 = Debug|Any CPU
		{548B83C3-90AD-4B86-B8D0-A57DFF915A2C}.Debug|x64.ActiveCfg = Debug|Any CPU
		{548B83C3-90AD-4B86-B8D0-A57DFF915A2C}.Debug|x64.Build.0 = Debug|Any CPU
		{548B83C3-90AD-4B86-B8D0-A57DFF915A2C}.Debug|x86.ActiveCfg = Debug|Any CPU
		{548B83C3-90AD-4B86-B8D0-A57DFF915A2C}.Debug|x86.Build.0 = Debug|Any CPU
		{548B83C3-90AD-4B86-B8D0-A57DFF915A2C}.Release|Any CPU.ActiveCfg = Release|Any CPU
		{548B83C3-90AD-4B86-B8D0-A57DFF915A2C}.Release|Any CPU.Build.0 = Release|Any CPU
		{548B83C3-90AD-4B86-B8D0-A57DFF915A2C}.Release|x64.ActiveCfg = Release|Any CPU
		{548B83C3-90AD-4B86-B8D0-A57DFF915A2C}.Release|x64.Build.0 = Release|Any CPU
		{548B83C3-90AD-4B86-B8D0-A57DFF915A2C}.Release|x86.ActiveCfg = Release|Any CPU
		{548B83C3-90AD-4B86-B8D0-A57DFF915A2C}.Release|x86.Build.0 = Release|Any CPU
		{E329229E-926D-4FCA-9C13-0F8A9DD13E7E}.Debug|Any CPU.ActiveCfg = Debug|Any CPU
		{E329229E-926D-4FCA-9C13-0F8A9DD13E7E}.Debug|Any CPU.Build.0 = Debug|Any CPU
		{E329229E-926D-4FCA-9C13-0F8A9DD13E7E}.Debug|x64.ActiveCfg = Debug|Any CPU
		{E329229E-926D-4FCA-9C13-0F8A9DD13E7E}.Debug|x64.Build.0 = Debug|Any CPU
		{E329229E-926D-4FCA-9C13-0F8A9DD13E7E}.Debug|x86.ActiveCfg = Debug|Any CPU
		{E329229E-926D-4FCA-9C13-0F8A9DD13E7E}.Debug|x86.Build.0 = Debug|Any CPU
		{E329229E-926D-4FCA-9C13-0F8A9DD13E7E}.Release|Any CPU.ActiveCfg = Release|Any CPU
		{E329229E-926D-4FCA-9C13-0F8A9DD13E7E}.Release|Any CPU.Build.0 = Release|Any CPU
		{E329229E-926D-4FCA-9C13-0F8A9DD13E7E}.Release|x64.ActiveCfg = Release|Any CPU
		{E329229E-926D-4FCA-9C13-0F8A9DD13E7E}.Release|x64.Build.0 = Release|Any CPU
		{E329229E-926D-4FCA-9C13-0F8A9DD13E7E}.Release|x86.ActiveCfg = Release|Any CPU
		{E329229E-926D-4FCA-9C13-0F8A9DD13E7E}.Release|x86.Build.0 = Release|Any CPU
	EndGlobalSection
	GlobalSection(SolutionProperties) = preSolution
		HideSolutionNode = FALSE
	EndGlobalSection
	GlobalSection(NestedProjects) = preSolution
		{48674F19-40FA-437B-BB7C-37518FCD6C5F} = {827E0CD3-B72D-47B6-A68D-7590B98EB39B}
		{5A4B2E84-993A-4BE4-B425-E1F458E5FDAD} = {827E0CD3-B72D-47B6-A68D-7590B98EB39B}
		{548B83C3-90AD-4B86-B8D0-A57DFF915A2C} = {827E0CD3-B72D-47B6-A68D-7590B98EB39B}
		{E329229E-926D-4FCA-9C13-0F8A9DD13E7E} = {827E0CD3-B72D-47B6-A68D-7590B98EB39B}
	EndGlobalSection
EndGlobal
